// !$*UTF8*$!
{
	archiveVersion = 1;
	classes = {
	};
	objectVersion = 46;
	objects = {

/* Begin PBXBuildFile section */
		827316721C5893670075B9D7 /* main.m in Sources */ = {isa = PBXBuildFile; fileRef = 827316711C5893670075B9D7 /* main.m */; };
		827316751C5893670075B9D7 /* AppDelegate.m in Sources */ = {isa = PBXBuildFile; fileRef = 827316741C5893670075B9D7 /* AppDelegate.m */; };
		827316781C5893670075B9D7 /* ViewController.m in Sources */ = {isa = PBXBuildFile; fileRef = 827316771C5893670075B9D7 /* ViewController.m */; };
		8273167B1C5893670075B9D7 /* Main.storyboard in Resources */ = {isa = PBXBuildFile; fileRef = 827316791C5893670075B9D7 /* Main.storyboard */; };
		8273167D1C5893670075B9D7 /* Assets.xcassets in Resources */ = {isa = PBXBuildFile; fileRef = 8273167C1C5893670075B9D7 /* Assets.xcassets */; };
		827316801C5893670075B9D7 /* LaunchScreen.storyboard in Resources */ = {isa = PBXBuildFile; fileRef = 8273167E1C5893670075B9D7 /* LaunchScreen.storyboard */; };
		8273168B1C5893670075B9D7 /* BXAutoLayoutTests.m in Sources */ = {isa = PBXBuildFile; fileRef = 8273168A1C5893670075B9D7 /* BXAutoLayoutTests.m */; };
		827316961C5893670075B9D7 /* BXAutoLayoutUITests.m in Sources */ = {isa = PBXBuildFile; fileRef = 827316951C5893670075B9D7 /* BXAutoLayoutUITests.m */; };
		827316A61C58A71C0075B9D7 /* BXXibViewController.m in Sources */ = {isa = PBXBuildFile; fileRef = 827316A41C58A71C0075B9D7 /* BXXibViewController.m */; };
		827316A71C58A71C0075B9D7 /* BXXibViewController.xib in Resources */ = {isa = PBXBuildFile; fileRef = 827316A51C58A71C0075B9D7 /* BXXibViewController.xib */; };
		827316AB1C58C2C30075B9D7 /* BXStackViewController.m in Sources */ = {isa = PBXBuildFile; fileRef = 827316A91C58C2C30075B9D7 /* BXStackViewController.m */; };
		827316AC1C58C2C30075B9D7 /* BXStackViewController.xib in Resources */ = {isa = PBXBuildFile; fileRef = 827316AA1C58C2C30075B9D7 /* BXStackViewController.xib */; };
		827316AE1C58CEAF0075B9D7 /* 180.png in Resources */ = {isa = PBXBuildFile; fileRef = 827316AD1C58CEAF0075B9D7 /* 180.png */; };
/* End PBXBuildFile section */

/* Begin PBXContainerItemProxy section */
		827316871C5893670075B9D7 /* PBXContainerItemProxy */ = {
			isa = PBXContainerItemProxy;
			containerPortal = 827316651C5893670075B9D7 /* Project object */;
			proxyType = 1;
			remoteGlobalIDString = 8273166C1C5893670075B9D7;
			remoteInfo = BXAutoLayout;
		};
		827316921C5893670075B9D7 /* PBXContainerItemProxy */ = {
			isa = PBXContainerItemProxy;
			containerPortal = 827316651C5893670075B9D7 /* Project object */;
			proxyType = 1;
			remoteGlobalIDString = 8273166C1C5893670075B9D7;
			remoteInfo = BXAutoLayout;
		};
/* End PBXContainerItemProxy section */

/* Begin PBXFileReference section */
		8273166D1C5893670075B9D7 /* BXAutoLayout.app */ = {isa = PBXFileReference; explicitFileType = wrapper.application; includeInIndex = 0; path = BXAutoLayout.app; sourceTree = BUILT_PRODUCTS_DIR; };
		827316711C5893670075B9D7 /* main.m */ = {isa = PBXFileReference; lastKnownFileType = sourcecode.c.objc; path = main.m; sourceTree = "<group>"; };
		827316731C5893670075B9D7 /* AppDelegate.h */ = {isa = PBXFileReference; lastKnownFileType = sourcecode.c.h; path = AppDelegate.h; sourceTree = "<group>"; };
		827316741C5893670075B9D7 /* AppDelegate.m */ = {isa = PBXFileReference; lastKnownFileType = sourcecode.c.objc; path = AppDelegate.m; sourceTree = "<group>"; };
		827316761C5893670075B9D7 /* ViewController.h */ = {isa = PBXFileReference; lastKnownFileType = sourcecode.c.h; path = ViewController.h; sourceTree = "<group>"; };
		827316771C5893670075B9D7 /* ViewController.m */ = {isa = PBXFileReference; lastKnownFileType = sourcecode.c.objc; path = ViewController.m; sourceTree = "<group>"; };
		8273167A1C5893670075B9D7 /* Base */ = {isa = PBXFileReference; lastKnownFileType = file.storyboard; name = Base; path = Base.lproj/Main.storyboard; sourceTree = "<group>"; };
		8273167C1C5893670075B9D7 /* Assets.xcassets */ = {isa = PBXFileReference; lastKnownFileType = folder.assetcatalog; path = Assets.xcassets; sourceTree = "<group>"; };
		8273167F1C5893670075B9D7 /* Base */ = {isa = PBXFileReference; lastKnownFileType = file.storyboard; name = Base; path = Base.lproj/LaunchScreen.storyboard; sourceTree = "<group>"; };
		827316811C5893670075B9D7 /* Info.plist */ = {isa = PBXFileReference; lastKnownFileType = text.plist.xml; path = Info.plist; sourceTree = "<group>"; };
		827316861C5893670075B9D7 /* BXAutoLayoutTests.xctest */ = {isa = PBXFileReference; explicitFileType = wrapper.cfbundle; includeInIndex = 0; path = BXAutoLayoutTests.xctest; sourceTree = BUILT_PRODUCTS_DIR; };
		8273168A1C5893670075B9D7 /* BXAutoLayoutTests.m */ = {isa = PBXFileReference; lastKnownFileType = sourcecode.c.objc; path = BXAutoLayoutTests.m; sourceTree = "<group>"; };
		8273168C1C5893670075B9D7 /* Info.plist */ = {isa = PBXFileReference; lastKnownFileType = text.plist.xml; path = Info.plist; sourceTree = "<group>"; };
		827316911C5893670075B9D7 /* BXAutoLayoutUITests.xctest */ = {isa = PBXFileReference; explicitFileType = wrapper.cfbundle; includeInIndex = 0; path = BXAutoLayoutUITests.xctest; sourceTree = BUILT_PRODUCTS_DIR; };
		827316951C5893670075B9D7 /* BXAutoLayoutUITests.m */ = {isa = PBXFileReference; lastKnownFileType = sourcecode.c.objc; path = BXAutoLayoutUITests.m; sourceTree = "<group>"; };
		827316971C5893670075B9D7 /* Info.plist */ = {isa = PBXFileReference; lastKnownFileType = text.plist.xml; path = Info.plist; sourceTree = "<group>"; };
		827316A31C58A71C0075B9D7 /* BXXibViewController.h */ = {isa = PBXFileReference; fileEncoding = 4; lastKnownFileType = sourcecode.c.h; path = BXXibViewController.h; sourceTree = "<group>"; };
		827316A41C58A71C0075B9D7 /* BXXibViewController.m */ = {isa = PBXFileReference; fileEncoding = 4; lastKnownFileType = sourcecode.c.objc; path = BXXibViewController.m; sourceTree = "<group>"; };
		827316A51C58A71C0075B9D7 /* BXXibViewController.xib */ = {isa = PBXFileReference; fileEncoding = 4; lastKnownFileType = file.xib; path = BXXibViewController.xib; sourceTree = "<group>"; };
		827316A81C58C2C30075B9D7 /* BXStackViewController.h */ = {isa = PBXFileReference; fileEncoding = 4; lastKnownFileType = sourcecode.c.h; path = BXStackViewController.h; sourceTree = "<group>"; };
		827316A91C58C2C30075B9D7 /* BXStackViewController.m */ = {isa = PBXFileReference; fileEncoding = 4; lastKnownFileType = sourcecode.c.objc; path = BXStackViewController.m; sourceTree = "<group>"; };
		827316AA1C58C2C30075B9D7 /* BXStackViewController.xib */ = {isa = PBXFileReference; fileEncoding = 4; lastKnownFileType = file.xib; path = BXStackViewController.xib; sourceTree = "<group>"; };
		827316AD1C58CEAF0075B9D7 /* 180.png */ = {isa = PBXFileReference; lastKnownFileType = image.png; path = 180.png; sourceTree = "<group>"; };
/* End PBXFileReference section */

/* Begin PBXFrameworksBuildPhase section */
		8273166A1C5893670075B9D7 /* Frameworks */ = {
			isa = PBXFrameworksBuildPhase;
			buildActionMask = 2147483647;
			files = (
			);
			runOnlyForDeploymentPostprocessing = 0;
		};
		827316831C5893670075B9D7 /* Frameworks */ = {
			isa = PBXFrameworksBuildPhase;
			buildActionMask = 2147483647;
			files = (
			);
			runOnlyForDeploymentPostprocessing = 0;
		};
		8273168E1C5893670075B9D7 /* Frameworks */ = {
			isa = PBXFrameworksBuildPhase;
			buildActionMask = 2147483647;
			files = (
			);
			runOnlyForDeploymentPostprocessing = 0;
		};
/* End PBXFrameworksBuildPhase section */

/* Begin PBXGroup section */
		827316641C5893670075B9D7 = {
			isa = PBXGroup;
			children = (
				8273166F1C5893670075B9D7 /* BXAutoLayout */,
				827316891C5893670075B9D7 /* BXAutoLayoutTests */,
				827316941C5893670075B9D7 /* BXAutoLayoutUITests */,
				8273166E1C5893670075B9D7 /* Products */,
			);
			sourceTree = "<group>";
		};
		8273166E1C5893670075B9D7 /* Products */ = {
			isa = PBXGroup;
			children = (
				8273166D1C5893670075B9D7 /* BXAutoLayout.app */,
				827316861C5893670075B9D7 /* BXAutoLayoutTests.xctest */,
				827316911C5893670075B9D7 /* BXAutoLayoutUITests.xctest */,
			);
			name = Products;
			sourceTree = "<group>";
		};
		8273166F1C5893670075B9D7 /* BXAutoLayout */ = {
			isa = PBXGroup;
			children = (
				827316731C5893670075B9D7 /* AppDelegate.h */,
				827316741C5893670075B9D7 /* AppDelegate.m */,
				827316761C5893670075B9D7 /* ViewController.h */,
				827316771C5893670075B9D7 /* ViewController.m */,
				827316A81C58C2C30075B9D7 /* BXStackViewController.h */,
				827316A91C58C2C30075B9D7 /* BXStackViewController.m */,
				827316AA1C58C2C30075B9D7 /* BXStackViewController.xib */,
				827316A31C58A71C0075B9D7 /* BXXibViewController.h */,
				827316A41C58A71C0075B9D7 /* BXXibViewController.m */,
				827316A51C58A71C0075B9D7 /* BXXibViewController.xib */,
				827316791C5893670075B9D7 /* Main.storyboard */,
				8273167C1C5893670075B9D7 /* Assets.xcassets */,
				8273167E1C5893670075B9D7 /* LaunchScreen.storyboard */,
				827316811C5893670075B9D7 /* Info.plist */,
				827316AD1C58CEAF0075B9D7 /* 180.png */,
				827316701C5893670075B9D7 /* Supporting Files */,
			);
			path = BXAutoLayout;
			sourceTree = "<group>";
		};
		827316701C5893670075B9D7 /* Supporting Files */ = {
			isa = PBXGroup;
			children = (
				827316711C5893670075B9D7 /* main.m */,
			);
			name = "Supporting Files";
			sourceTree = "<group>";
		};
		827316891C5893670075B9D7 /* BXAutoLayoutTests */ = {
			isa = PBXGroup;
			children = (
				8273168A1C5893670075B9D7 /* BXAutoLayoutTests.m */,
				8273168C1C5893670075B9D7 /* Info.plist */,
			);
			path = BXAutoLayoutTests;
			sourceTree = "<group>";
		};
		827316941C5893670075B9D7 /* BXAutoLayoutUITests */ = {
			isa = PBXGroup;
			children = (
				827316951C5893670075B9D7 /* BXAutoLayoutUITests.m */,
				827316971C5893670075B9D7 /* Info.plist */,
			);
			path = BXAutoLayoutUITests;
			sourceTree = "<group>";
		};
/* End PBXGroup section */

/* Begin PBXNativeTarget section */
		8273166C1C5893670075B9D7 /* BXAutoLayout */ = {
			isa = PBXNativeTarget;
			buildConfigurationList = 8273169A1C5893670075B9D7 /* Build configuration list for PBXNativeTarget "BXAutoLayout" */;
			buildPhases = (
				827316691C5893670075B9D7 /* Sources */,
				8273166A1C5893670075B9D7 /* Frameworks */,
				8273166B1C5893670075B9D7 /* Resources */,
			);
			buildRules = (
			);
			dependencies = (
			);
			name = BXAutoLayout;
			productName = BXAutoLayout;
			productReference = 8273166D1C5893670075B9D7 /* BXAutoLayout.app */;
			productType = "com.apple.product-type.application";
		};
		827316851C5893670075B9D7 /* BXAutoLayoutTests */ = {
			isa = PBXNativeTarget;
			buildConfigurationList = 8273169D1C5893670075B9D7 /* Build configuration list for PBXNativeTarget "BXAutoLayoutTests" */;
			buildPhases = (
				827316821C5893670075B9D7 /* Sources */,
				827316831C5893670075B9D7 /* Frameworks */,
				827316841C5893670075B9D7 /* Resources */,
			);
			buildRules = (
			);
			dependencies = (
				827316881C5893670075B9D7 /* PBXTargetDependency */,
			);
			name = BXAutoLayoutTests;
			productName = BXAutoLayoutTests;
			productReference = 827316861C5893670075B9D7 /* BXAutoLayoutTests.xctest */;
			productType = "com.apple.product-type.bundle.unit-test";
		};
		827316901C5893670075B9D7 /* BXAutoLayoutUITests */ = {
			isa = PBXNativeTarget;
			buildConfigurationList = 827316A01C5893670075B9D7 /* Build configuration list for PBXNativeTarget "BXAutoLayoutUITests" */;
			buildPhases = (
				8273168D1C5893670075B9D7 /* Sources */,
				8273168E1C5893670075B9D7 /* Frameworks */,
				8273168F1C5893670075B9D7 /* Resources */,
			);
			buildRules = (
			);
			dependencies = (
				827316931C5893670075B9D7 /* PBXTargetDependency */,
			);
			name = BXAutoLayoutUITests;
			productName = BXAutoLayoutUITests;
			productReference = 827316911C5893670075B9D7 /* BXAutoLayoutUITests.xctest */;
			productType = "com.apple.product-type.bundle.ui-testing";
		};
/* End PBXNativeTarget section */

/* Begin PBXProject section */
		827316651C5893670075B9D7 /* Project object */ = {
			isa = PBXProject;
			attributes = {
				LastUpgradeCheck = 0720;
				ORGANIZATIONNAME = bx_1512;
				TargetAttributes = {
					8273166C1C5893670075B9D7 = {
						CreatedOnToolsVersion = 7.2;
					};
					827316851C5893670075B9D7 = {
						CreatedOnToolsVersion = 7.2;
						TestTargetID = 8273166C1C5893670075B9D7;
					};
					827316901C5893670075B9D7 = {
						CreatedOnToolsVersion = 7.2;
						TestTargetID = 8273166C1C5893670075B9D7;
					};
				};
			};
			buildConfigurationList = 827316681C5893670075B9D7 /* Build configuration list for PBXProject "BXAutoLayout" */;
			compatibilityVersion = "Xcode 3.2";
			developmentRegion = English;
			hasScannedForEncodings = 0;
			knownRegions = (
				en,
				Base,
			);
			mainGroup = 827316641C5893670075B9D7;
			productRefGroup = 8273166E1C5893670075B9D7 /* Products */;
			projectDirPath = "";
			projectRoot = "";
			targets = (
				8273166C1C5893670075B9D7 /* BXAutoLayout */,
				827316851C5893670075B9D7 /* BXAutoLayoutTests */,
				827316901C5893670075B9D7 /* BXAutoLayoutUITests */,
			);
		};
/* End PBXProject section */

/* Begin PBXResourcesBuildPhase section */
		8273166B1C5893670075B9D7 /* Resources */ = {
			isa = PBXResourcesBuildPhase;
			buildActionMask = 2147483647;
			files = (
				827316A71C58A71C0075B9D7 /* BXXibViewController.xib in Resources */,
				827316801C5893670075B9D7 /* LaunchScreen.storyboard in Resources */,
				827316AC1C58C2C30075B9D7 /* BXStackViewController.xib in Resources */,
				827316AE1C58CEAF0075B9D7 /* 180.png in Resources */,
				8273167D1C5893670075B9D7 /* Assets.xcassets in Resources */,
				8273167B1C5893670075B9D7 /* Main.storyboard in Resources */,
			);
			runOnlyForDeploymentPostprocessing = 0;
		};
		827316841C5893670075B9D7 /* Resources */ = {
			isa = PBXResourcesBuildPhase;
			buildActionMask = 2147483647;
			files = (
			);
			runOnlyForDeploymentPostprocessing = 0;
		};
		8273168F1C5893670075B9D7 /* Resources */ = {
			isa = PBXResourcesBuildPhase;
			buildActionMask = 2147483647;
			files = (
			);
			runOnlyForDeploymentPostprocessing = 0;
		};
/* End PBXResourcesBuildPhase section */

/* Begin PBXSourcesBuildPhase section */
		827316691C5893670075B9D7 /* Sources */ = {
			isa = PBXSourcesBuildPhase;
			buildActionMask = 2147483647;
			files = (
				827316AB1C58C2C30075B9D7 /* BXStackViewController.m in Sources */,
				827316A61C58A71C0075B9D7 /* BXXibViewController.m in Sources */,
				827316781C5893670075B9D7 /* ViewController.m in Sources */,
				827316751C5893670075B9D7 /* AppDelegate.m in Sources */,
				827316721C5893670075B9D7 /* main.m in Sources */,
			);
			runOnlyForDeploymentPostprocessing = 0;
		};
		827316821C5893670075B9D7 /* Sources */ = {
			isa = PBXSourcesBuildPhase;
			buildActionMask = 2147483647;
			files = (
				8273168B1C5893670075B9D7 /* BXAutoLayoutTests.m in Sources */,
			);
			runOnlyForDeploymentPostprocessing = 0;
		};
		8273168D1C5893670075B9D7 /* Sources */ = {
			isa = PBXSourcesBuildPhase;
			buildActionMask = 2147483647;
			files = (
				827316961C5893670075B9D7 /* BXAutoLayoutUITests.m in Sources */,
			);
			runOnlyForDeploymentPostprocessing = 0;
		};
/* End PBXSourcesBuildPhase section */

/* Begin PBXTargetDependency section */
		827316881C5893670075B9D7 /* PBXTargetDependency */ = {
			isa = PBXTargetDependency;
			target = 8273166C1C5893670075B9D7 /* BXAutoLayout */;
			targetProxy = 827316871C5893670075B9D7 /* PBXContainerItemProxy */;
		};
		827316931C5893670075B9D7 /* PBXTargetDependency */ = {
			isa = PBXTargetDependency;
			target = 8273166C1C5893670075B9D7 /* BXAutoLayout */;
			targetProxy = 827316921C5893670075B9D7 /* PBXContainerItemProxy */;
		};
/* End PBXTargetDependency section */

/* Begin PBXVariantGroup section */
		827316791C5893670075B9D7 /* Main.storyboard */ = {
			isa = PBXVariantGroup;
			children = (
				8273167A1C5893670075B9D7 /* Base */,
			);
			name = Main.storyboard;
			sourceTree = "<group>";
		};
		8273167E1C5893670075B9D7 /* LaunchScreen.storyboard */ = {
			isa = PBXVariantGroup;
			children = (
				8273167F1C5893670075B9D7 /* Base */,
			);
			name = LaunchScreen.storyboard;
			sourceTree = "<group>";
		};
/* End PBXVariantGroup section */

/* Begin XCBuildConfiguration section */
		827316981C5893670075B9D7 /* Debug */ = {
			isa = XCBuildConfiguration;
			buildSettings = {
				ALWAYS_SEARCH_USER_PATHS = NO;
				CLANG_CXX_LANGUAGE_STANDARD = "gnu++0x";
				CLANG_CXX_LIBRARY = "libc++";
				CLANG_ENABLE_MODULES = YES;
				CLANG_ENABLE_OBJC_ARC = YES;
				CLANG_WARN_BOOL_CONVERSION = YES;
				CLANG_WARN_CONSTANT_CONVERSION = YES;
				CLANG_WARN_DIRECT_OBJC_ISA_USAGE = YES_ERROR;
				CLANG_WARN_EMPTY_BODY = YES;
				CLANG_WARN_ENUM_CONVERSION = YES;
				CLANG_WARN_INT_CONVERSION = YES;
				CLANG_WARN_OBJC_ROOT_CLASS = YES_ERROR;
				CLANG_WARN_UNREACHABLE_CODE = YES;
				CLANG_WARN__DUPLICATE_METHOD_MATCH = YES;
				"CODE_SIGN_IDENTITY[sdk=iphoneos*]" = "iPhone Developer";
				COPY_PHASE_STRIP = NO;
				DEBUG_INFORMATION_FORMAT = dwarf;
				ENABLE_STRICT_OBJC_MSGSEND = YES;
				ENABLE_TESTABILITY = YES;
				GCC_C_LANGUAGE_STANDARD = gnu99;
				GCC_DYNAMIC_NO_PIC = NO;
				GCC_NO_COMMON_BLOCKS = YES;
				GCC_OPTIMIZATION_LEVEL = 0;
				GCC_PREPROCESSOR_DEFINITIONS = (
					"DEBUG=1",
					"$(inherited)",
				);
				GCC_WARN_64_TO_32_BIT_CONVERSION = YES;
				GCC_WARN_ABOUT_RETURN_TYPE = YES_ERROR;
				GCC_WARN_UNDECLARED_SELECTOR = YES;
				GCC_WARN_UNINITIALIZED_AUTOS = YES_AGGRESSIVE;
				GCC_WARN_UNUSED_FUNCTION = YES;
				GCC_WARN_UNUSED_VARIABLE = YES;
				IPHONEOS_DEPLOYMENT_TARGET = 9.2;
				MTL_ENABLE_DEBUG_INFO = YES;
				ONLY_ACTIVE_ARCH = YES;
				SDKROOT = iphoneos;
			};
			name = Debug;
		};
		827316991C5893670075B9D7 /* Release */ = {
			isa = XCBuildConfiguration;
			buildSettings = {
				ALWAYS_SEARCH_USER_PATHS = NO;
				CLANG_CXX_LANGUAGE_STANDARD = "gnu++0x";
				CLANG_CXX_LIBRARY = "libc++";
				CLANG_ENABLE_MODULES = YES;
				CLANG_ENABLE_OBJC_ARC = YES;
				CLANG_WARN_BOOL_CONVERSION = YES;
				CLANG_WARN_CONSTANT_CONVERSION = YES;
				CLANG_WARN_DIRECT_OBJC_ISA_USAGE = YES_ERROR;
				CLANG_WARN_EMPTY_BODY = YES;
				CLANG_WARN_ENUM_CONVERSION = YES;
				CLANG_WARN_INT_CONVERSION = YES;
				CLANG_WARN_OBJC_ROOT_CLASS = YES_ERROR;
				CLANG_WARN_UNREACHABLE_CODE = YES;
				CLANG_WARN__DUPLICATE_METHOD_MATCH = YES;
				"CODE_SIGN_IDENTITY[sdk=iphoneos*]" = "iPhone Developer";
				COPY_PHASE_STRIP = NO;
				DEBUG_INFORMATION_FORMAT = "dwarf-with-dsym";
				ENABLE_NS_ASSERTIONS = NO;
				ENABLE_STRICT_OBJC_MSGSEND = YES;
				GCC_C_LANGUAGE_STANDARD = gnu99;
				GCC_NO_COMMON_BLOCKS = YES;
				GCC_WARN_64_TO_32_BIT_CONVERSION = YES;
				GCC_WARN_ABOUT_RETURN_TYPE = YES_ERROR;
				GCC_WARN_UNDECLARED_SELECTOR = YES;
				GCC_WARN_UNINITIALIZED_AUTOS = YES_AGGRESSIVE;
				GCC_WARN_UNUSED_FUNCTION = YES;
				GCC_WARN_UNUSED_VARIABLE = YES;
				IPHONEOS_DEPLOYMENT_TARGET = 9.2;
				MTL_ENABLE_DEBUG_INFO = NO;
				SDKROOT = iphoneos;
				VALIDATE_PRODUCT = YES;
			};
			name = Release;
		};
		8273169B1C5893670075B9D7 /* Debug */ = {
			isa = XCBuildConfiguration;
			buildSettings = {
				ASSETCATALOG_COMPILER_APPICON_NAME = AppIcon;
				INFOPLIST_FILE = BXAutoLayout/Info.plist;
				LD_RUNPATH_SEARCH_PATHS = "$(inherited) @executable_path/Frameworks";
				PRODUCT_BUNDLE_IDENTIFIER = xbx.BXAutoLayout;
				PRODUCT_NAME = "$(TARGET_NAME)";
			};
			name = Debug;
		};
		8273169C1C5893670075B9D7 /* Release */ = {
			isa = XCBuildConfiguration;
			buildSettings = {
				ASSETCATALOG_COMPILER_APPICON_NAME = AppIcon;
				INFOPLIST_FILE = BXAutoLayout/Info.plist;
				LD_RUNPATH_SEARCH_PATHS = "$(inherited) @executable_path/Frameworks";
				PRODUCT_BUNDLE_IDENTIFIER = xbx.BXAutoLayout;
				PRODUCT_NAME = "$(TARGET_NAME)";
			};
			name = Release;
		};
		8273169E1C5893670075B9D7 /* Debug */ = {
			isa = XCBuildConfiguration;
			buildSettings = {
				BUNDLE_LOADER = "$(TEST_HOST)";
				INFOPLIST_FILE = BXAutoLayoutTests/Info.plist;
				LD_RUNPATH_SEARCH_PATHS = "$(inherited) @executable_path/Frameworks @loader_path/Frameworks";
				PRODUCT_BUNDLE_IDENTIFIER = xbx.BXAutoLayoutTests;
				PRODUCT_NAME = "$(TARGET_NAME)";
				TEST_HOST = "$(BUILT_PRODUCTS_DIR)/BXAutoLayout.app/BXAutoLayout";
			};
			name = Debug;
		};
		8273169F1C5893670075B9D7 /* Release */ = {
			isa = XCBuildConfiguration;
			buildSettings = {
				BUNDLE_LOADER = "$(TEST_HOST)";
				INFOPLIST_FILE = BXAutoLayoutTests/Info.plist;
				LD_RUNPATH_SEARCH_PATHS = "$(inherited) @executable_path/Frameworks @loader_path/Frameworks";
				PRODUCT_BUNDLE_IDENTIFIER = xbx.BXAutoLayoutTests;
				PRODUCT_NAME = "$(TARGET_NAME)";
				TEST_HOST = "$(BUILT_PRODUCTS_DIR)/BXAutoLayout.app/BXAutoLayout";
			};
			name = Release;
		};
		827316A11C5893670075B9D7 /* Debug */ = {
			isa = XCBuildConfiguration;
			buildSettings = {
				INFOPLIST_FILE = BXAutoLayoutUITests/Info.plist;
				LD_RUNPATH_SEARCH_PATHS = "$(inherited) @executable_path/Frameworks @loader_path/Frameworks";
				PRODUCT_BUNDLE_IDENTIFIER = xbx.BXAutoLayoutUITests;
				PRODUCT_NAME = "$(TARGET_NAME)";
				TEST_TARGET_NAME = BXAutoLayout;
				USES_XCTRUNNER = YES;
			};
			name = Debug;
		};
		827316A21C5893670075B9D7 /* Release */ = {
			isa = XCBuildConfiguration;
			buildSettings = {
				INFOPLIST_FILE = BXAutoLayoutUITests/Info.plist;
				LD_RUNPATH_SEARCH_PATHS = "$(inherited) @executable_path/Frameworks @loader_path/Frameworks";
				PRODUCT_BUNDLE_IDENTIFIER = xbx.BXAutoLayoutUITests;
				PRODUCT_NAME = "$(TARGET_NAME)";
				TEST_TARGET_NAME = BXAutoLayout;
				USES_XCTRUNNER = YES;
			};
			name = Release;
		};
/* End XCBuildConfiguration section */

/* Begin XCConfigurationList section */
		827316681C5893670075B9D7 /* Build configuration list for PBXProject "BXAutoLayout" */ = {
			isa = XCConfigurationList;
			buildConfigurations = (
				827316981C5893670075B9D7 /* Debug */,
				827316991C5893670075B9D7 /* Release */,
			);
			defaultConfigurationIsVisible = 0;
			defaultConfigurationName = Release;
		};
		8273169A1C5893670075B9D7 /* Build configuration list for PBXNativeTarget "BXAutoLayout" */ = {
			isa = XCConfigurationList;
			buildConfigurations = (
				8273169B1C5893670075B9D7 /* Debug */,
				8273169C1C5893670075B9D7 /* Release */,
			);
			defaultConfigurationIsVisible = 0;
		};
		8273169D1C5893670075B9D7 /* Build configuration list for PBXNativeTarget "BXAutoLayoutTests" */ = {
			isa = XCConfigurationList;
			buildConfigurations = (
				8273169E1C5893670075B9D7 /* Debug */,
				8273169F1C5893670075B9D7 /* Release */,
			);
			defaultConfigurationIsVisible = 0;
		};
		827316A01C5893670075B9D7 /* Build configuration list for PBXNativeTarget "BXAutoLayoutUITests" */ = {
			isa = XCConfigurationList;
			buildConfigurations = (
				827316A11C5893670075B9D7 /* Debug */,
				827316A21C5893670075B9D7 /* Release */,
			);
			defaultConfigurationIsVisible = 0;
		};
/* End XCConfigurationList section */
	};
	rootObject = 827316651C5893670075B9D7 /* Project object */;
}
