// !$*UTF8*$!
{
	archiveVersion = 1;
	classes = {
	};
	objectVersion = 46;
	objects = {

/* Begin PBXBuildFile section */
		825185331C573F0A009C9639 /* main.m in Sources */ = {isa = PBXBuildFile; fileRef = 825185321C573F0A009C9639 /* main.m */; };
		825185361C573F0A009C9639 /* AppDelegate.m in Sources */ = {isa = PBXBuildFile; fileRef = 825185351C573F0A009C9639 /* AppDelegate.m */; };
		825185391C573F0A009C9639 /* ViewController.m in Sources */ = {isa = PBXBuildFile; fileRef = 825185381C573F0A009C9639 /* ViewController.m */; };
		8251853C1C573F0A009C9639 /* Main.storyboard in Resources */ = {isa = PBXBuildFile; fileRef = 8251853A1C573F0A009C9639 /* Main.storyboard */; };
		8251853E1C573F0A009C9639 /* Assets.xcassets in Resources */ = {isa = PBXBuildFile; fileRef = 8251853D1C573F0A009C9639 /* Assets.xcassets */; };
		825185411C573F0A009C9639 /* LaunchScreen.storyboard in Resources */ = {isa = PBXBuildFile; fileRef = 8251853F1C573F0A009C9639 /* LaunchScreen.storyboard */; };
		8251854C1C573F0A009C9639 /* BXViewTestTests.m in Sources */ = {isa = PBXBuildFile; fileRef = 8251854B1C573F0A009C9639 /* BXViewTestTests.m */; };
		825185571C573F0B009C9639 /* BXViewTestUITests.m in Sources */ = {isa = PBXBuildFile; fileRef = 825185561C573F0B009C9639 /* BXViewTestUITests.m */; };
		825185911C57655B009C9639 /* myImage.png in Resources */ = {isa = PBXBuildFile; fileRef = 825185901C57655B009C9639 /* myImage.png */; };
/* End PBXBuildFile section */

/* Begin PBXContainerItemProxy section */
		825185481C573F0A009C9639 /* PBXContainerItemProxy */ = {
			isa = PBXContainerItemProxy;
			containerPortal = 825185261C573F0A009C9639 /* Project object */;
			proxyType = 1;
			remoteGlobalIDString = 8251852D1C573F0A009C9639;
			remoteInfo = BXViewTest;
		};
		825185531C573F0B009C9639 /* PBXContainerItemProxy */ = {
			isa = PBXContainerItemProxy;
			containerPortal = 825185261C573F0A009C9639 /* Project object */;
			proxyType = 1;
			remoteGlobalIDString = 8251852D1C573F0A009C9639;
			remoteInfo = BXViewTest;
		};
/* End PBXContainerItemProxy section */

/* Begin PBXFileReference section */
		8251852E1C573F0A009C9639 /* BXViewTest.app */ = {isa = PBXFileReference; explicitFileType = wrapper.application; includeInIndex = 0; path = BXViewTest.app; sourceTree = BUILT_PRODUCTS_DIR; };
		825185321C573F0A009C9639 /* main.m */ = {isa = PBXFileReference; lastKnownFileType = sourcecode.c.objc; path = main.m; sourceTree = "<group>"; };
		825185341C573F0A009C9639 /* AppDelegate.h */ = {isa = PBXFileReference; lastKnownFileType = sourcecode.c.h; path = AppDelegate.h; sourceTree = "<group>"; };
		825185351C573F0A009C9639 /* AppDelegate.m */ = {isa = PBXFileReference; lastKnownFileType = sourcecode.c.objc; path = AppDelegate.m; sourceTree = "<group>"; };
		825185371C573F0A009C9639 /* ViewController.h */ = {isa = PBXFileReference; lastKnownFileType = sourcecode.c.h; path = ViewController.h; sourceTree = "<group>"; };
		825185381C573F0A009C9639 /* ViewController.m */ = {isa = PBXFileReference; lastKnownFileType = sourcecode.c.objc; path = ViewController.m; sourceTree = "<group>"; };
		8251853B1C573F0A009C9639 /* Base */ = {isa = PBXFileReference; lastKnownFileType = file.storyboard; name = Base; path = Base.lproj/Main.storyboard; sourceTree = "<group>"; };
		8251853D1C573F0A009C9639 /* Assets.xcassets */ = {isa = PBXFileReference; lastKnownFileType = folder.assetcatalog; path = Assets.xcassets; sourceTree = "<group>"; };
		825185401C573F0A009C9639 /* Base */ = {isa = PBXFileReference; lastKnownFileType = file.storyboard; name = Base; path = Base.lproj/LaunchScreen.storyboard; sourceTree = "<group>"; };
		825185421C573F0A009C9639 /* Info.plist */ = {isa = PBXFileReference; lastKnownFileType = text.plist.xml; path = Info.plist; sourceTree = "<group>"; };
		825185471C573F0A009C9639 /* BXViewTestTests.xctest */ = {isa = PBXFileReference; explicitFileType = wrapper.cfbundle; includeInIndex = 0; path = BXViewTestTests.xctest; sourceTree = BUILT_PRODUCTS_DIR; };
		8251854B1C573F0A009C9639 /* BXViewTestTests.m */ = {isa = PBXFileReference; lastKnownFileType = sourcecode.c.objc; path = BXViewTestTests.m; sourceTree = "<group>"; };
		8251854D1C573F0A009C9639 /* Info.plist */ = {isa = PBXFileReference; lastKnownFileType = text.plist.xml; path = Info.plist; sourceTree = "<group>"; };
		825185521C573F0B009C9639 /* BXViewTestUITests.xctest */ = {isa = PBXFileReference; explicitFileType = wrapper.cfbundle; includeInIndex = 0; path = BXViewTestUITests.xctest; sourceTree = BUILT_PRODUCTS_DIR; };
		825185561C573F0B009C9639 /* BXViewTestUITests.m */ = {isa = PBXFileReference; lastKnownFileType = sourcecode.c.objc; path = BXViewTestUITests.m; sourceTree = "<group>"; };
		825185581C573F0B009C9639 /* Info.plist */ = {isa = PBXFileReference; lastKnownFileType = text.plist.xml; path = Info.plist; sourceTree = "<group>"; };
		825185901C57655B009C9639 /* myImage.png */ = {isa = PBXFileReference; lastKnownFileType = image.png; path = myImage.png; sourceTree = "<group>"; };
/* End PBXFileReference section */

/* Begin PBXFrameworksBuildPhase section */
		8251852B1C573F0A009C9639 /* Frameworks */ = {
			isa = PBXFrameworksBuildPhase;
			buildActionMask = 2147483647;
			files = (
			);
			runOnlyForDeploymentPostprocessing = 0;
		};
		825185441C573F0A009C9639 /* Frameworks */ = {
			isa = PBXFrameworksBuildPhase;
			buildActionMask = 2147483647;
			files = (
			);
			runOnlyForDeploymentPostprocessing = 0;
		};
		8251854F1C573F0B009C9639 /* Frameworks */ = {
			isa = PBXFrameworksBuildPhase;
			buildActionMask = 2147483647;
			files = (
			);
			runOnlyForDeploymentPostprocessing = 0;
		};
/* End PBXFrameworksBuildPhase section */

/* Begin PBXGroup section */
		825185251C573F0A009C9639 = {
			isa = PBXGroup;
			children = (
				825185301C573F0A009C9639 /* BXViewTest */,
				8251854A1C573F0A009C9639 /* BXViewTestTests */,
				825185551C573F0B009C9639 /* BXViewTestUITests */,
				8251852F1C573F0A009C9639 /* Products */,
			);
			sourceTree = "<group>";
		};
		8251852F1C573F0A009C9639 /* Products */ = {
			isa = PBXGroup;
			children = (
				8251852E1C573F0A009C9639 /* BXViewTest.app */,
				825185471C573F0A009C9639 /* BXViewTestTests.xctest */,
				825185521C573F0B009C9639 /* BXViewTestUITests.xctest */,
			);
			name = Products;
			sourceTree = "<group>";
		};
		825185301C573F0A009C9639 /* BXViewTest */ = {
			isa = PBXGroup;
			children = (
				825185341C573F0A009C9639 /* AppDelegate.h */,
				825185351C573F0A009C9639 /* AppDelegate.m */,
				825185371C573F0A009C9639 /* ViewController.h */,
				825185381C573F0A009C9639 /* ViewController.m */,
				8251853A1C573F0A009C9639 /* Main.storyboard */,
				8251853D1C573F0A009C9639 /* Assets.xcassets */,
				8251853F1C573F0A009C9639 /* LaunchScreen.storyboard */,
				825185421C573F0A009C9639 /* Info.plist */,
				825185901C57655B009C9639 /* myImage.png */,
				825185311C573F0A009C9639 /* Supporting Files */,
			);
			path = BXViewTest;
			sourceTree = "<group>";
		};
		825185311C573F0A009C9639 /* Supporting Files */ = {
			isa = PBXGroup;
			children = (
				825185321C573F0A009C9639 /* main.m */,
			);
			name = "Supporting Files";
			sourceTree = "<group>";
		};
		8251854A1C573F0A009C9639 /* BXViewTestTests */ = {
			isa = PBXGroup;
			children = (
				8251854B1C573F0A009C9639 /* BXViewTestTests.m */,
				8251854D1C573F0A009C9639 /* Info.plist */,
			);
			path = BXViewTestTests;
			sourceTree = "<group>";
		};
		825185551C573F0B009C9639 /* BXViewTestUITests */ = {
			isa = PBXGroup;
			children = (
				825185561C573F0B009C9639 /* BXViewTestUITests.m */,
				825185581C573F0B009C9639 /* Info.plist */,
			);
			path = BXViewTestUITests;
			sourceTree = "<group>";
		};
/* End PBXGroup section */

/* Begin PBXNativeTarget section */
		8251852D1C573F0A009C9639 /* BXViewTest */ = {
			isa = PBXNativeTarget;
			buildConfigurationList = 8251855B1C573F0B009C9639 /* Build configuration list for PBXNativeTarget "BXViewTest" */;
			buildPhases = (
				8251852A1C573F0A009C9639 /* Sources */,
				8251852B1C573F0A009C9639 /* Frameworks */,
				8251852C1C573F0A009C9639 /* Resources */,
			);
			buildRules = (
			);
			dependencies = (
			);
			name = BXViewTest;
			productName = BXViewTest;
			productReference = 8251852E1C573F0A009C9639 /* BXViewTest.app */;
			productType = "com.apple.product-type.application";
		};
		825185461C573F0A009C9639 /* BXViewTestTests */ = {
			isa = PBXNativeTarget;
			buildConfigurationList = 8251855E1C573F0B009C9639 /* Build configuration list for PBXNativeTarget "BXViewTestTests" */;
			buildPhases = (
				825185431C573F0A009C9639 /* Sources */,
				825185441C573F0A009C9639 /* Frameworks */,
				825185451C573F0A009C9639 /* Resources */,
			);
			buildRules = (
			);
			dependencies = (
				825185491C573F0A009C9639 /* PBXTargetDependency */,
			);
			name = BXViewTestTests;
			productName = BXViewTestTests;
			productReference = 825185471C573F0A009C9639 /* BXViewTestTests.xctest */;
			productType = "com.apple.product-type.bundle.unit-test";
		};
		825185511C573F0B009C9639 /* BXViewTestUITests */ = {
			isa = PBXNativeTarget;
			buildConfigurationList = 825185611C573F0B009C9639 /* Build configuration list for PBXNativeTarget "BXViewTestUITests" */;
			buildPhases = (
				8251854E1C573F0B009C9639 /* Sources */,
				8251854F1C573F0B009C9639 /* Frameworks */,
				825185501C573F0B009C9639 /* Resources */,
			);
			buildRules = (
			);
			dependencies = (
				825185541C573F0B009C9639 /* PBXTargetDependency */,
			);
			name = BXViewTestUITests;
			productName = BXViewTestUITests;
			productReference = 825185521C573F0B009C9639 /* BXViewTestUITests.xctest */;
			productType = "com.apple.product-type.bundle.ui-testing";
		};
/* End PBXNativeTarget section */

/* Begin PBXProject section */
		825185261C573F0A009C9639 /* Project object */ = {
			isa = PBXProject;
			attributes = {
				LastUpgradeCheck = 0720;
				ORGANIZATIONNAME = bx_1512;
				TargetAttributes = {
					8251852D1C573F0A009C9639 = {
						CreatedOnToolsVersion = 7.2;
					};
					825185461C573F0A009C9639 = {
						CreatedOnToolsVersion = 7.2;
						TestTargetID = 8251852D1C573F0A009C9639;
					};
					825185511C573F0B009C9639 = {
						CreatedOnToolsVersion = 7.2;
						TestTargetID = 8251852D1C573F0A009C9639;
					};
				};
			};
			buildConfigurationList = 825185291C573F0A009C9639 /* Build configuration list for PBXProject "BXViewTest" */;
			compatibilityVersion = "Xcode 3.2";
			developmentRegion = English;
			hasScannedForEncodings = 0;
			knownRegions = (
				en,
				Base,
			);
			mainGroup = 825185251C573F0A009C9639;
			productRefGroup = 8251852F1C573F0A009C9639 /* Products */;
			projectDirPath = "";
			projectRoot = "";
			targets = (
				8251852D1C573F0A009C9639 /* BXViewTest */,
				825185461C573F0A009C9639 /* BXViewTestTests */,
				825185511C573F0B009C9639 /* BXViewTestUITests */,
			);
		};
/* End PBXProject section */

/* Begin PBXResourcesBuildPhase section */
		8251852C1C573F0A009C9639 /* Resources */ = {
			isa = PBXResourcesBuildPhase;
			buildActionMask = 2147483647;
			files = (
				825185411C573F0A009C9639 /* LaunchScreen.storyboard in Resources */,
				825185911C57655B009C9639 /* myImage.png in Resources */,
				8251853E1C573F0A009C9639 /* Assets.xcassets in Resources */,
				8251853C1C573F0A009C9639 /* Main.storyboard in Resources */,
			);
			runOnlyForDeploymentPostprocessing = 0;
		};
		825185451C573F0A009C9639 /* Resources */ = {
			isa = PBXResourcesBuildPhase;
			buildActionMask = 2147483647;
			files = (
			);
			runOnlyForDeploymentPostprocessing = 0;
		};
		825185501C573F0B009C9639 /* Resources */ = {
			isa = PBXResourcesBuildPhase;
			buildActionMask = 2147483647;
			files = (
			);
			runOnlyForDeploymentPostprocessing = 0;
		};
/* End PBXResourcesBuildPhase section */

/* Begin PBXSourcesBuildPhase section */
		8251852A1C573F0A009C9639 /* Sources */ = {
			isa = PBXSourcesBuildPhase;
			buildActionMask = 2147483647;
			files = (
				825185391C573F0A009C9639 /* ViewController.m in Sources */,
				825185361C573F0A009C9639 /* AppDelegate.m in Sources */,
				825185331C573F0A009C9639 /* main.m in Sources */,
			);
			runOnlyForDeploymentPostprocessing = 0;
		};
		825185431C573F0A009C9639 /* Sources */ = {
			isa = PBXSourcesBuildPhase;
			buildActionMask = 2147483647;
			files = (
				8251854C1C573F0A009C9639 /* BXViewTestTests.m in Sources */,
			);
			runOnlyForDeploymentPostprocessing = 0;
		};
		8251854E1C573F0B009C9639 /* Sources */ = {
			isa = PBXSourcesBuildPhase;
			buildActionMask = 2147483647;
			files = (
				825185571C573F0B009C9639 /* BXViewTestUITests.m in Sources */,
			);
			runOnlyForDeploymentPostprocessing = 0;
		};
/* End PBXSourcesBuildPhase section */

/* Begin PBXTargetDependency section */
		825185491C573F0A009C9639 /* PBXTargetDependency */ = {
			isa = PBXTargetDependency;
			target = 8251852D1C573F0A009C9639 /* BXViewTest */;
			targetProxy = 825185481C573F0A009C9639 /* PBXContainerItemProxy */;
		};
		825185541C573F0B009C9639 /* PBXTargetDependency */ = {
			isa = PBXTargetDependency;
			target = 8251852D1C573F0A009C9639 /* BXViewTest */;
			targetProxy = 825185531C573F0B009C9639 /* PBXContainerItemProxy */;
		};
/* End PBXTargetDependency section */

/* Begin PBXVariantGroup section */
		8251853A1C573F0A009C9639 /* Main.storyboard */ = {
			isa = PBXVariantGroup;
			children = (
				8251853B1C573F0A009C9639 /* Base */,
			);
			name = Main.storyboard;
			sourceTree = "<group>";
		};
		8251853F1C573F0A009C9639 /* LaunchScreen.storyboard */ = {
			isa = PBXVariantGroup;
			children = (
				825185401C573F0A009C9639 /* Base */,
			);
			name = LaunchScreen.storyboard;
			sourceTree = "<group>";
		};
/* End PBXVariantGroup section */

/* Begin XCBuildConfiguration section */
		825185591C573F0B009C9639 /* Debug */ = {
			isa = XCBuildConfiguration;
			buildSettings = {
				ALWAYS_SEARCH_USER_PATHS = NO;
				CLANG_CXX_LANGUAGE_STANDARD = "gnu++0x";
				CLANG_CXX_LIBRARY = "libc++";
				CLANG_ENABLE_MODULES = YES;
				CLANG_ENABLE_OBJC_ARC = YES;
				CLANG_WARN_BOOL_CONVERSION = YES;
				CLANG_WARN_CONSTANT_CONVERSION = YES;
				CLANG_WARN_DIRECT_OBJC_ISA_USAGE = YES_ERROR;
				CLANG_WARN_EMPTY_BODY = YES;
				CLANG_WARN_ENUM_CONVERSION = YES;
				CLANG_WARN_INT_CONVERSION = YES;
				CLANG_WARN_OBJC_ROOT_CLASS = YES_ERROR;
				CLANG_WARN_UNREACHABLE_CODE = YES;
				CLANG_WARN__DUPLICATE_METHOD_MATCH = YES;
				"CODE_SIGN_IDENTITY[sdk=iphoneos*]" = "iPhone Developer";
				COPY_PHASE_STRIP = NO;
				DEBUG_INFORMATION_FORMAT = dwarf;
				ENABLE_STRICT_OBJC_MSGSEND = YES;
				ENABLE_TESTABILITY = YES;
				GCC_C_LANGUAGE_STANDARD = gnu99;
				GCC_DYNAMIC_NO_PIC = NO;
				GCC_NO_COMMON_BLOCKS = YES;
				GCC_OPTIMIZATION_LEVEL = 0;
				GCC_PREPROCESSOR_DEFINITIONS = (
					"DEBUG=1",
					"$(inherited)",
				);
				GCC_WARN_64_TO_32_BIT_CONVERSION = YES;
				GCC_WARN_ABOUT_RETURN_TYPE = YES_ERROR;
				GCC_WARN_UNDECLARED_SELECTOR = YES;
				GCC_WARN_UNINITIALIZED_AUTOS = YES_AGGRESSIVE;
				GCC_WARN_UNUSED_FUNCTION = YES;
				GCC_WARN_UNUSED_VARIABLE = YES;
				IPHONEOS_DEPLOYMENT_TARGET = 9.2;
				MTL_ENABLE_DEBUG_INFO = YES;
				ONLY_ACTIVE_ARCH = YES;
				SDKROOT = iphoneos;
			};
			name = Debug;
		};
		8251855A1C573F0B009C9639 /* Release */ = {
			isa = XCBuildConfiguration;
			buildSettings = {
				ALWAYS_SEARCH_USER_PATHS = NO;
				CLANG_CXX_LANGUAGE_STANDARD = "gnu++0x";
				CLANG_CXX_LIBRARY = "libc++";
				CLANG_ENABLE_MODULES = YES;
				CLANG_ENABLE_OBJC_ARC = YES;
				CLANG_WARN_BOOL_CONVERSION = YES;
				CLANG_WARN_CONSTANT_CONVERSION = YES;
				CLANG_WARN_DIRECT_OBJC_ISA_USAGE = YES_ERROR;
				CLANG_WARN_EMPTY_BODY = YES;
				CLANG_WARN_ENUM_CONVERSION = YES;
				CLANG_WARN_INT_CONVERSION = YES;
				CLANG_WARN_OBJC_ROOT_CLASS = YES_ERROR;
				CLANG_WARN_UNREACHABLE_CODE = YES;
				CLANG_WARN__DUPLICATE_METHOD_MATCH = YES;
				"CODE_SIGN_IDENTITY[sdk=iphoneos*]" = "iPhone Developer";
				COPY_PHASE_STRIP = NO;
				DEBUG_INFORMATION_FORMAT = "dwarf-with-dsym";
				ENABLE_NS_ASSERTIONS = NO;
				ENABLE_STRICT_OBJC_MSGSEND = YES;
				GCC_C_LANGUAGE_STANDARD = gnu99;
				GCC_NO_COMMON_BLOCKS = YES;
				GCC_WARN_64_TO_32_BIT_CONVERSION = YES;
				GCC_WARN_ABOUT_RETURN_TYPE = YES_ERROR;
				GCC_WARN_UNDECLARED_SELECTOR = YES;
				GCC_WARN_UNINITIALIZED_AUTOS = YES_AGGRESSIVE;
				GCC_WARN_UNUSED_FUNCTION = YES;
				GCC_WARN_UNUSED_VARIABLE = YES;
				IPHONEOS_DEPLOYMENT_TARGET = 9.2;
				MTL_ENABLE_DEBUG_INFO = NO;
				SDKROOT = iphoneos;
				VALIDATE_PRODUCT = YES;
			};
			name = Release;
		};
		8251855C1C573F0B009C9639 /* Debug */ = {
			isa = XCBuildConfiguration;
			buildSettings = {
				ASSETCATALOG_COMPILER_APPICON_NAME = AppIcon;
				INFOPLIST_FILE = BXViewTest/Info.plist;
				LD_RUNPATH_SEARCH_PATHS = "$(inherited) @executable_path/Frameworks";
				PRODUCT_BUNDLE_IDENTIFIER = xbx.BXViewTest;
				PRODUCT_NAME = "$(TARGET_NAME)";
			};
			name = Debug;
		};
		8251855D1C573F0B009C9639 /* Release */ = {
			isa = XCBuildConfiguration;
			buildSettings = {
				ASSETCATALOG_COMPILER_APPICON_NAME = AppIcon;
				INFOPLIST_FILE = BXViewTest/Info.plist;
				LD_RUNPATH_SEARCH_PATHS = "$(inherited) @executable_path/Frameworks";
				PRODUCT_BUNDLE_IDENTIFIER = xbx.BXViewTest;
				PRODUCT_NAME = "$(TARGET_NAME)";
			};
			name = Release;
		};
		8251855F1C573F0B009C9639 /* Debug */ = {
			isa = XCBuildConfiguration;
			buildSettings = {
				BUNDLE_LOADER = "$(TEST_HOST)";
				INFOPLIST_FILE = BXViewTestTests/Info.plist;
				LD_RUNPATH_SEARCH_PATHS = "$(inherited) @executable_path/Frameworks @loader_path/Frameworks";
				PRODUCT_BUNDLE_IDENTIFIER = xbx.BXViewTestTests;
				PRODUCT_NAME = "$(TARGET_NAME)";
				TEST_HOST = "$(BUILT_PRODUCTS_DIR)/BXViewTest.app/BXViewTest";
			};
			name = Debug;
		};
		825185601C573F0B009C9639 /* Release */ = {
			isa = XCBuildConfiguration;
			buildSettings = {
				BUNDLE_LOADER = "$(TEST_HOST)";
				INFOPLIST_FILE = BXViewTestTests/Info.plist;
				LD_RUNPATH_SEARCH_PATHS = "$(inherited) @executable_path/Frameworks @loader_path/Frameworks";
				PRODUCT_BUNDLE_IDENTIFIER = xbx.BXViewTestTests;
				PRODUCT_NAME = "$(TARGET_NAME)";
				TEST_HOST = "$(BUILT_PRODUCTS_DIR)/BXViewTest.app/BXViewTest";
			};
			name = Release;
		};
		825185621C573F0B009C9639 /* Debug */ = {
			isa = XCBuildConfiguration;
			buildSettings = {
				INFOPLIST_FILE = BXViewTestUITests/Info.plist;
				LD_RUNPATH_SEARCH_PATHS = "$(inherited) @executable_path/Frameworks @loader_path/Frameworks";
				PRODUCT_BUNDLE_IDENTIFIER = xbx.BXViewTestUITests;
				PRODUCT_NAME = "$(TARGET_NAME)";
				TEST_TARGET_NAME = BXViewTest;
				USES_XCTRUNNER = YES;
			};
			name = Debug;
		};
		825185631C573F0B009C9639 /* Release */ = {
			isa = XCBuildConfiguration;
			buildSettings = {
				INFOPLIST_FILE = BXViewTestUITests/Info.plist;
				LD_RUNPATH_SEARCH_PATHS = "$(inherited) @executable_path/Frameworks @loader_path/Frameworks";
				PRODUCT_BUNDLE_IDENTIFIER = xbx.BXViewTestUITests;
				PRODUCT_NAME = "$(TARGET_NAME)";
				TEST_TARGET_NAME = BXViewTest;
				USES_XCTRUNNER = YES;
			};
			name = Release;
		};
/* End XCBuildConfiguration section */

/* Begin XCConfigurationList section */
		825185291C573F0A009C9639 /* Build configuration list for PBXProject "BXViewTest" */ = {
			isa = XCConfigurationList;
			buildConfigurations = (
				825185591C573F0B009C9639 /* Debug */,
				8251855A1C573F0B009C9639 /* Release */,
			);
			defaultConfigurationIsVisible = 0;
			defaultConfigurationName = Release;
		};
		8251855B1C573F0B009C9639 /* Build configuration list for PBXNativeTarget "BXViewTest" */ = {
			isa = XCConfigurationList;
			buildConfigurations = (
				8251855C1C573F0B009C9639 /* Debug */,
				8251855D1C573F0B009C9639 /* Release */,
			);
			defaultConfigurationIsVisible = 0;
		};
		8251855E1C573F0B009C9639 /* Build configuration list for PBXNativeTarget "BXViewTestTests" */ = {
			isa = XCConfigurationList;
			buildConfigurations = (
				8251855F1C573F0B009C9639 /* Debug */,
				825185601C573F0B009C9639 /* Release */,
			);
			defaultConfigurationIsVisible = 0;
		};
		825185611C573F0B009C9639 /* Build configuration list for PBXNativeTarget "BXViewTestUITests" */ = {
			isa = XCConfigurationList;
			buildConfigurations = (
				825185621C573F0B009C9639 /* Debug */,
				825185631C573F0B009C9639 /* Release */,
			);
			defaultConfigurationIsVisible = 0;
		};
/* End XCConfigurationList section */
	};
	rootObject = 825185261C573F0A009C9639 /* Project object */;
}
